
Microsoft Visual Studio Solution File, Format Version 12.00
# Visual Studio Version 17
VisualStudioVersion = 17.5.33414.496
MinimumVisualStudioVersion = 10.0.40219.1
Project("{FAE04EC0-301F-11D3-BF4B-00C04F79EFBC}") = "Project1", "Project1\Project1.csproj", "{F00B0F1F-0CA7-4824-9C45-494DF98733DC}"
EndProject
Global
	GlobalSection(SolutionConfigurationPlatforms) = preSolution
		Debug|Any CPU = Debug|Any CPU
		Release|Any CPU = Release|Any CPU
	EndGlobalSection
	GlobalSection(ProjectConfigurationPlatforms) = postSolution
		{F00B0F1F-0CA7-4824-9C45-494DF98733DC}.Debug|Any CPU.ActiveCfg = Debug|Any CPU
		{F00B0F1F-0CA7-4824-9C45-494DF98733DC}.Debug|Any CPU.Build.0 = Debug|Any CPU
		{F00B0F1F-0CA7-4824-9C45-494DF98733DC}.Release|Any CPU.ActiveCfg = Release|Any CPU
		{F00B0F1F-0CA7-4824-9C45-494DF98733DC}.Release|Any CPU.Build.0 = Release|Any CPU
	EndGlobalSection
	GlobalSection(SolutionProperties) = preSolution
		HideSolutionNode = FALSE
	EndGlobalSection
	GlobalSection(ExtensibilityGlobals) = postSolution
		SolutionGuid = {1187A1B5-CD98-4F89-BDFA-7B849516C3B8}
	EndGlobalSection
EndGlobal
